
Microsoft Visual Studio Solution File, Format Version 12.00
# Visual Studio Version 17
VisualStudioVersion = 17.4.33110.190
MinimumVisualStudioVersion = 10.0.40219.1
Project("{2150E333-8FDC-42A3-9474-1A3956D46DE8}") = "MyHub", "MyHub", "{B66C1F86-1BAA-42DC-AA54-71E0EBF6E497}"
EndProject
Project("{9A19103F-16F7-4668-BE54-9A1E7A4F7556}") = "MyHub.Application", "MyHub.Application\MyHub.Application.csproj", "{88F224D1-A5EE-48DE-9C57-1606574E728E}"
EndProject
Project("{9A19103F-16F7-4668-BE54-9A1E7A4F7556}") = "MyHub.Application.Tests", "MyHub.Application.Tests\MyHub.Application.Tests.csproj", "{5F3D4EDE-53EE-4D29-BB7A-E04766B167F5}"
EndProject
Project("{9A19103F-16F7-4668-BE54-9A1E7A4F7556}") = "MyHub.Domain", "MyHub.Domain\MyHub.Domain.csproj", "{35750ED9-4A10-4F76-BC8C-358D2CA64594}"
EndProject
Project("{9A19103F-16F7-4668-BE54-9A1E7A4F7556}") = "MyHub.Domain.Tests", "MyHub.Domain.Tests\MyHub.Domain.Tests.csproj", "{5A57B8A4-669B-48B8-8B25-B76CACC80E9A}"
EndProject
Project("{9A19103F-16F7-4668-BE54-9A1E7A4F7556}") = "MyHub.Infrastructure", "MyHub.Infrastructure\MyHub.Infrastructure.csproj", "{D7781191-9A66-47B5-B4EA-D93E154643F2}"
EndProject
Project("{9A19103F-16F7-4668-BE54-9A1E7A4F7556}") = "MyHub.Infrastructure.Tests", "MyHub.Infrastructure.Tests\MyHub.Infrastructure.Tests.csproj", "{B5DBF403-994B-4A0F-B5A4-001EB8A0A3B0}"
EndProject
Project("{9A19103F-16F7-4668-BE54-9A1E7A4F7556}") = "MyHub.Api.Tests", "MyHub.Api.Tests\MyHub.Api.Tests.csproj", "{9BE6610B-FCE2-4561-8B86-173587088AC5}"
EndProject
Project("{9A19103F-16F7-4668-BE54-9A1E7A4F7556}") = "MyHub.Api", "MyHub.Api\MyHub.Api.csproj", "{1EEBB95D-5A01-4303-99BE-C6308A9A6073}"
EndProject
Global
	GlobalSection(SolutionConfigurationPlatforms) = preSolution
		Debug|Any CPU = Debug|Any CPU
		Release|Any CPU = Release|Any CPU
	EndGlobalSection
	GlobalSection(ProjectConfigurationPlatforms) = postSolution
		{88F224D1-A5EE-48DE-9C57-1606574E728E}.Debug|Any CPU.ActiveCfg = Debug|Any CPU
		{88F224D1-A5EE-48DE-9C57-1606574E728E}.Debug|Any CPU.Build.0 = Debug|Any CPU
		{88F224D1-A5EE-48DE-9C57-1606574E728E}.Release|Any CPU.ActiveCfg = Release|Any CPU
		{88F224D1-A5EE-48DE-9C57-1606574E728E}.Release|Any CPU.Build.0 = Release|Any CPU
		{5F3D4EDE-53EE-4D29-BB7A-E04766B167F5}.Debug|Any CPU.ActiveCfg = Debug|Any CPU
		{5F3D4EDE-53EE-4D29-BB7A-E04766B167F5}.Debug|Any CPU.Build.0 = Debug|Any CPU
		{5F3D4EDE-53EE-4D29-BB7A-E04766B167F5}.Release|Any CPU.ActiveCfg = Release|Any CPU
		{5F3D4EDE-53EE-4D29-BB7A-E04766B167F5}.Release|Any CPU.Build.0 = Release|Any CPU
		{35750ED9-4A10-4F76-BC8C-358D2CA64594}.Debug|Any CPU.ActiveCfg = Debug|Any CPU
		{35750ED9-4A10-4F76-BC8C-358D2CA64594}.Debug|Any CPU.Build.0 = Debug|Any CPU
		{35750ED9-4A10-4F76-BC8C-358D2CA64594}.Release|Any CPU.ActiveCfg = Release|Any CPU
		{35750ED9-4A10-4F76-BC8C-358D2CA64594}.Release|Any CPU.Build.0 = Release|Any CPU
		{5A57B8A4-669B-48B8-8B25-B76CACC80E9A}.Debug|Any CPU.ActiveCfg = Debug|Any CPU
		{5A57B8A4-669B-48B8-8B25-B76CACC80E9A}.Debug|Any CPU.Build.0 = Debug|Any CPU
		{5A57B8A4-669B-48B8-8B25-B76CACC80E9A}.Release|Any CPU.ActiveCfg = Release|Any CPU
		{5A57B8A4-669B-48B8-8B25-B76CACC80E9A}.Release|Any CPU.Build.0 = Release|Any CPU
		{D7781191-9A66-47B5-B4EA-D93E154643F2}.Debug|Any CPU.ActiveCfg = Debug|Any CPU
		{D7781191-9A66-47B5-B4EA-D93E154643F2}.Debug|Any CPU.Build.0 = Debug|Any CPU
		{D7781191-9A66-47B5-B4EA-D93E154643F2}.Release|Any CPU.ActiveCfg = Release|Any CPU
		{D7781191-9A66-47B5-B4EA-D93E154643F2}.Release|Any CPU.Build.0 = Release|Any CPU
		{B5DBF403-994B-4A0F-B5A4-001EB8A0A3B0}.Debug|Any CPU.ActiveCfg = Debug|Any CPU
		{B5DBF403-994B-4A0F-B5A4-001EB8A0A3B0}.Debug|Any CPU.Build.0 = Debug|Any CPU
		{B5DBF403-994B-4A0F-B5A4-001EB8A0A3B0}.Release|Any CPU.ActiveCfg = Release|Any CPU
		{B5DBF403-994B-4A0F-B5A4-001EB8A0A3B0}.Release|Any CPU.Build.0 = Release|Any CPU
		{9BE6610B-FCE2-4561-8B86-173587088AC5}.Debug|Any CPU.ActiveCfg = Debug|Any CPU
		{9BE6610B-FCE2-4561-8B86-173587088AC5}.Debug|Any CPU.Build.0 = Debug|Any CPU
		{9BE6610B-FCE2-4561-8B86-173587088AC5}.Release|Any CPU.ActiveCfg = Release|Any CPU
		{9BE6610B-FCE2-4561-8B86-173587088AC5}.Release|Any CPU.Build.0 = Release|Any CPU
		{1EEBB95D-5A01-4303-99BE-C6308A9A6073}.Debug|Any CPU.ActiveCfg = Debug|Any CPU
		{1EEBB95D-5A01-4303-99BE-C6308A9A6073}.Debug|Any CPU.Build.0 = Debug|Any CPU
		{1EEBB95D-5A01-4303-99BE-C6308A9A6073}.Release|Any CPU.ActiveCfg = Release|Any CPU
		{1EEBB95D-5A01-4303-99BE-C6308A9A6073}.Release|Any CPU.Build.0 = Release|Any CPU
	EndGlobalSection
	GlobalSection(SolutionProperties) = preSolution
		HideSolutionNode = FALSE
	EndGlobalSection
	GlobalSection(NestedProjects) = preSolution
		{88F224D1-A5EE-48DE-9C57-1606574E728E} = {B66C1F86-1BAA-42DC-AA54-71E0EBF6E497}
		{5F3D4EDE-53EE-4D29-BB7A-E04766B167F5} = {B66C1F86-1BAA-42DC-AA54-71E0EBF6E497}
		{35750ED9-4A10-4F76-BC8C-358D2CA64594} = {B66C1F86-1BAA-42DC-AA54-71E0EBF6E497}
		{5A57B8A4-669B-48B8-8B25-B76CACC80E9A} = {B66C1F86-1BAA-42DC-AA54-71E0EBF6E497}
		{D7781191-9A66-47B5-B4EA-D93E154643F2} = {B66C1F86-1BAA-42DC-AA54-71E0EBF6E497}
		{B5DBF403-994B-4A0F-B5A4-001EB8A0A3B0} = {B66C1F86-1BAA-42DC-AA54-71E0EBF6E497}
		{9BE6610B-FCE2-4561-8B86-173587088AC5} = {B66C1F86-1BAA-42DC-AA54-71E0EBF6E497}
		{1EEBB95D-5A01-4303-99BE-C6308A9A6073} = {B66C1F86-1BAA-42DC-AA54-71E0EBF6E497}
	EndGlobalSection
	GlobalSection(ExtensibilityGlobals) = postSolution
		SolutionGuid = {F9967CBA-B8C0-4B96-AFBD-FC84E0552F86}
	EndGlobalSection
EndGlobal
